// !$*UTF8*$!
{
	archiveVersion = 1;
	classes = {
	};
	objectVersion = 50;
	objects = {

/* Begin PBXBuildFile section */
		0735BB6D246E21C200BAA665 /* AppDelegate.swift in Sources */ = {isa = PBXBuildFile; fileRef = 0735BB6C246E21C200BAA665 /* AppDelegate.swift */; };
		0735BB6F246E21C200BAA665 /* SceneDelegate.swift in Sources */ = {isa = PBXBuildFile; fileRef = 0735BB6E246E21C200BAA665 /* SceneDelegate.swift */; };
		0735BB71246E21C200BAA665 /* PomodoroVC.swift in Sources */ = {isa = PBXBuildFile; fileRef = 0735BB70246E21C200BAA665 /* PomodoroVC.swift */; };
		0735BB74246E21C200BAA665 /* Main.storyboard in Resources */ = {isa = PBXBuildFile; fileRef = 0735BB72246E21C200BAA665 /* Main.storyboard */; };
		0735BB76246E21C400BAA665 /* Assets.xcassets in Resources */ = {isa = PBXBuildFile; fileRef = 0735BB75246E21C400BAA665 /* Assets.xcassets */; };
		0735BB79246E21C400BAA665 /* LaunchScreen.storyboard in Resources */ = {isa = PBXBuildFile; fileRef = 0735BB77246E21C400BAA665 /* LaunchScreen.storyboard */; };
		078CB10A247A10200038FB9F /* SettingsVC.swift in Sources */ = {isa = PBXBuildFile; fileRef = 078CB109247A10200038FB9F /* SettingsVC.swift */; };
/* End PBXBuildFile section */

/* Begin PBXFileReference section */
		0735BB69246E21C200BAA665 /* Blandinos-Pomodoro.app */ = {isa = PBXFileReference; explicitFileType = wrapper.application; includeInIndex = 0; path = "Blandinos-Pomodoro.app"; sourceTree = BUILT_PRODUCTS_DIR; };
		0735BB6C246E21C200BAA665 /* AppDelegate.swift */ = {isa = PBXFileReference; lastKnownFileType = sourcecode.swift; path = AppDelegate.swift; sourceTree = "<group>"; };
		0735BB6E246E21C200BAA665 /* SceneDelegate.swift */ = {isa = PBXFileReference; lastKnownFileType = sourcecode.swift; path = SceneDelegate.swift; sourceTree = "<group>"; };
		0735BB70246E21C200BAA665 /* PomodoroVC.swift */ = {isa = PBXFileReference; lastKnownFileType = sourcecode.swift; path = PomodoroVC.swift; sourceTree = "<group>"; };
		0735BB73246E21C200BAA665 /* Base */ = {isa = PBXFileReference; lastKnownFileType = file.storyboard; name = Base; path = Base.lproj/Main.storyboard; sourceTree = "<group>"; };
		0735BB75246E21C400BAA665 /* Assets.xcassets */ = {isa = PBXFileReference; lastKnownFileType = folder.assetcatalog; path = Assets.xcassets; sourceTree = "<group>"; };
		0735BB78246E21C400BAA665 /* Base */ = {isa = PBXFileReference; lastKnownFileType = file.storyboard; name = Base; path = Base.lproj/LaunchScreen.storyboard; sourceTree = "<group>"; };
		0735BB7A246E21C400BAA665 /* Info.plist */ = {isa = PBXFileReference; lastKnownFileType = text.plist.xml; path = Info.plist; sourceTree = "<group>"; };
		078CB109247A10200038FB9F /* SettingsVC.swift */ = {isa = PBXFileReference; lastKnownFileType = sourcecode.swift; path = SettingsVC.swift; sourceTree = "<group>"; };
/* End PBXFileReference section */

/* Begin PBXFrameworksBuildPhase section */
		0735BB66246E21C200BAA665 /* Frameworks */ = {
			isa = PBXFrameworksBuildPhase;
			buildActionMask = 2147483647;
			files = (
			);
			runOnlyForDeploymentPostprocessing = 0;
		};
/* End PBXFrameworksBuildPhase section */

/* Begin PBXGroup section */
		0735BB60246E21C200BAA665 = {
			isa = PBXGroup;
			children = (
				0735BB6B246E21C200BAA665 /* Blandinos-Pomodoro */,
				0735BB6A246E21C200BAA665 /* Products */,
			);
			sourceTree = "<group>";
		};
		0735BB6A246E21C200BAA665 /* Products */ = {
			isa = PBXGroup;
			children = (
				0735BB69246E21C200BAA665 /* Blandinos-Pomodoro.app */,
			);
			name = Products;
			sourceTree = "<group>";
		};
		0735BB6B246E21C200BAA665 /* Blandinos-Pomodoro */ = {
			isa = PBXGroup;
			children = (
				0735BB6C246E21C200BAA665 /* AppDelegate.swift */,
				0735BB6E246E21C200BAA665 /* SceneDelegate.swift */,
				079EE412247CB90A00FDC65A /* Models */,
				079EE410247CB8B600FDC65A /* Views */,
				079EE411247CB8E500FDC65A /* Controllers */,
				0735BB75246E21C400BAA665 /* Assets.xcassets */,
				0735BB77246E21C400BAA665 /* LaunchScreen.storyboard */,
				0735BB7A246E21C400BAA665 /* Info.plist */,
			);
			path = "Blandinos-Pomodoro";
			sourceTree = "<group>";
		};
		079EE410247CB8B600FDC65A /* Views */ = {
			isa = PBXGroup;
			children = (
				0735BB72246E21C200BAA665 /* Main.storyboard */,
			);
			path = Views;
			sourceTree = "<group>";
		};
		079EE411247CB8E500FDC65A /* Controllers */ = {
			isa = PBXGroup;
			children = (
				078CB109247A10200038FB9F /* SettingsVC.swift */,
				0735BB70246E21C200BAA665 /* PomodoroVC.swift */,
			);
			path = Controllers;
			sourceTree = "<group>";
		};
		079EE412247CB90A00FDC65A /* Models */ = {
			isa = PBXGroup;
			children = (
			);
			path = Models;
			sourceTree = "<group>";
		};
/* End PBXGroup section */

/* Begin PBXNativeTarget section */
		0735BB68246E21C200BAA665 /* Blandinos-Pomodoro */ = {
			isa = PBXNativeTarget;
			buildConfigurationList = 0735BB7D246E21C400BAA665 /* Build configuration list for PBXNativeTarget "Blandinos-Pomodoro" */;
			buildPhases = (
				0735BB65246E21C200BAA665 /* Sources */,
				0735BB66246E21C200BAA665 /* Frameworks */,
				0735BB67246E21C200BAA665 /* Resources */,
			);
			buildRules = (
			);
			dependencies = (
			);
			name = "Blandinos-Pomodoro";
			productName = "Blandinos-Pomodoro";
			productReference = 0735BB69246E21C200BAA665 /* Blandinos-Pomodoro.app */;
			productType = "com.apple.product-type.application";
		};
/* End PBXNativeTarget section */

/* Begin PBXProject section */
		0735BB61246E21C200BAA665 /* Project object */ = {
			isa = PBXProject;
			attributes = {
				LastSwiftUpdateCheck = 1140;
				LastUpgradeCheck = 1140;
				ORGANIZATIONNAME = "Carlos Blandino";
				TargetAttributes = {
					0735BB68246E21C200BAA665 = {
						CreatedOnToolsVersion = 11.4.1;
					};
				};
			};
			buildConfigurationList = 0735BB64246E21C200BAA665 /* Build configuration list for PBXProject "Blandinos-Pomodoro" */;
			compatibilityVersion = "Xcode 9.3";
			developmentRegion = en;
			hasScannedForEncodings = 0;
			knownRegions = (
				en,
				Base,
			);
			mainGroup = 0735BB60246E21C200BAA665;
			productRefGroup = 0735BB6A246E21C200BAA665 /* Products */;
			projectDirPath = "";
			projectRoot = "";
			targets = (
				0735BB68246E21C200BAA665 /* Blandinos-Pomodoro */,
			);
		};
/* End PBXProject section */

/* Begin PBXResourcesBuildPhase section */
		0735BB67246E21C200BAA665 /* Resources */ = {
			isa = PBXResourcesBuildPhase;
			buildActionMask = 2147483647;
			files = (
				0735BB79246E21C400BAA665 /* LaunchScreen.storyboard in Resources */,
				0735BB76246E21C400BAA665 /* Assets.xcassets in Resources */,
				0735BB74246E21C200BAA665 /* Main.storyboard in Resources */,
			);
			runOnlyForDeploymentPostprocessing = 0;
		};
/* End PBXResourcesBuildPhase section */

/* Begin PBXSourcesBuildPhase section */
		0735BB65246E21C200BAA665 /* Sources */ = {
			isa = PBXSourcesBuildPhase;
			buildActionMask = 2147483647;
			files = (
				0735BB71246E21C200BAA665 /* PomodoroVC.swift in Sources */,
				078CB10A247A10200038FB9F /* SettingsVC.swift in Sources */,
				0735BB6D246E21C200BAA665 /* AppDelegate.swift in Sources */,
				0735BB6F246E21C200BAA665 /* SceneDelegate.swift in Sources */,
			);
			runOnlyForDeploymentPostprocessing = 0;
		};
/* End PBXSourcesBuildPhase section */

/* Begin PBXVariantGroup section */
		0735BB72246E21C200BAA665 /* Main.storyboard */ = {
			isa = PBXVariantGroup;
			children = (
				0735BB73246E21C200BAA665 /* Base */,
			);
			name = Main.storyboard;
			sourceTree = "<group>";
		};
		0735BB77246E21C400BAA665 /* LaunchScreen.storyboard */ = {
			isa = PBXVariantGroup;
			children = (
				0735BB78246E21C400BAA665 /* Base */,
			);
			name = LaunchScreen.storyboard;
			sourceTree = "<group>";
		};
/* End PBXVariantGroup section */

/* Begin XCBuildConfiguration section */
		0735BB7B246E21C400BAA665 /* Debug */ = {
			isa = XCBuildConfiguration;
			buildSettings = {
				ALWAYS_SEARCH_USER_PATHS = NO;
				CLANG_ANALYZER_NONNULL = YES;
				CLANG_ANALYZER_NUMBER_OBJECT_CONVERSION = YES_AGGRESSIVE;
				CLANG_CXX_LANGUAGE_STANDARD = "gnu++14";
				CLANG_CXX_LIBRARY = "libc++";
				CLANG_ENABLE_MODULES = YES;
				CLANG_ENABLE_OBJC_ARC = YES;
				CLANG_ENABLE_OBJC_WEAK = YES;
				CLANG_WARN_BLOCK_CAPTURE_AUTORELEASING = YES;
				CLANG_WARN_BOOL_CONVERSION = YES;
				CLANG_WARN_COMMA = YES;
				CLANG_WARN_CONSTANT_CONVERSION = YES;
				CLANG_WARN_DEPRECATED_OBJC_IMPLEMENTATIONS = YES;
				CLANG_WARN_DIRECT_OBJC_ISA_USAGE = YES_ERROR;
				CLANG_WARN_DOCUMENTATION_COMMENTS = YES;
				CLANG_WARN_EMPTY_BODY = YES;
				CLANG_WARN_ENUM_CONVERSION = YES;
				CLANG_WARN_INFINITE_RECURSION = YES;
				CLANG_WARN_INT_CONVERSION = YES;
				CLANG_WARN_NON_LITERAL_NULL_CONVERSION = YES;
				CLANG_WARN_OBJC_IMPLICIT_RETAIN_SELF = YES;
				CLANG_WARN_OBJC_LITERAL_CONVERSION = YES;
				CLANG_WARN_OBJC_ROOT_CLASS = YES_ERROR;
				CLANG_WARN_RANGE_LOOP_ANALYSIS = YES;
				CLANG_WARN_STRICT_PROTOTYPES = YES;
				CLANG_WARN_SUSPICIOUS_MOVE = YES;
				CLANG_WARN_UNGUARDED_AVAILABILITY = YES_AGGRESSIVE;
				CLANG_WARN_UNREACHABLE_CODE = YES;
				CLANG_WARN__DUPLICATE_METHOD_MATCH = YES;
				COPY_PHASE_STRIP = NO;
				DEBUG_INFORMATION_FORMAT = dwarf;
				ENABLE_STRICT_OBJC_MSGSEND = YES;
				ENABLE_TESTABILITY = YES;
				GCC_C_LANGUAGE_STANDARD = gnu11;
				GCC_DYNAMIC_NO_PIC = NO;
				GCC_NO_COMMON_BLOCKS = YES;
				GCC_OPTIMIZATION_LEVEL = 0;
				GCC_PREPROCESSOR_DEFINITIONS = (
					"DEBUG=1",
					"$(inherited)",
				);
				GCC_WARN_64_TO_32_BIT_CONVERSION = YES;
				GCC_WARN_ABOUT_RETURN_TYPE = YES_ERROR;
				GCC_WARN_UNDECLARED_SELECTOR = YES;
				GCC_WARN_UNINITIALIZED_AUTOS = YES_AGGRESSIVE;
				GCC_WARN_UNUSED_FUNCTION = YES;
				GCC_WARN_UNUSED_VARIABLE = YES;
				IPHONEOS_DEPLOYMENT_TARGET = 13.4;
				MTL_ENABLE_DEBUG_INFO = INCLUDE_SOURCE;
				MTL_FAST_MATH = YES;
				ONLY_ACTIVE_ARCH = YES;
				SDKROOT = iphoneos;
				SWIFT_ACTIVE_COMPILATION_CONDITIONS = DEBUG;
				SWIFT_OPTIMIZATION_LEVEL = "-Onone";
			};
			name = Debug;
		};
		0735BB7C246E21C400BAA665 /* Release */ = {
			isa = XCBuildConfiguration;
			buildSettings = {
				ALWAYS_SEARCH_USER_PATHS = NO;
				CLANG_ANALYZER_NONNULL = YES;
				CLANG_ANALYZER_NUMBER_OBJECT_CONVERSION = YES_AGGRESSIVE;
				CLANG_CXX_LANGUAGE_STANDARD = "gnu++14";
				CLANG_CXX_LIBRARY = "libc++";
				CLANG_ENABLE_MODULES = YES;
				CLANG_ENABLE_OBJC_ARC = YES;
				CLANG_ENABLE_OBJC_WEAK = YES;
				CLANG_WARN_BLOCK_CAPTURE_AUTORELEASING = YES;
				CLANG_WARN_BOOL_CONVERSION = YES;
				CLANG_WARN_COMMA = YES;
				CLANG_WARN_CONSTANT_CONVERSION = YES;
				CLANG_WARN_DEPRECATED_OBJC_IMPLEMENTATIONS = YES;
				CLANG_WARN_DIRECT_OBJC_ISA_USAGE = YES_ERROR;
				CLANG_WARN_DOCUMENTATION_COMMENTS = YES;
				CLANG_WARN_EMPTY_BODY = YES;
				CLANG_WARN_ENUM_CONVERSION = YES;
				CLANG_WARN_INFINITE_RECURSION = YES;
				CLANG_WARN_INT_CONVERSION = YES;
				CLANG_WARN_NON_LITERAL_NULL_CONVERSION = YES;
				CLANG_WARN_OBJC_IMPLICIT_RETAIN_SELF = YES;
				CLANG_WARN_OBJC_LITERAL_CONVERSION = YES;
				CLANG_WARN_OBJC_ROOT_CLASS = YES_ERROR;
				CLANG_WARN_RANGE_LOOP_ANALYSIS = YES;
				CLANG_WARN_STRICT_PROTOTYPES = YES;
				CLANG_WARN_SUSPICIOUS_MOVE = YES;
				CLANG_WARN_UNGUARDED_AVAILABILITY = YES_AGGRESSIVE;
				CLANG_WARN_UNREACHABLE_CODE = YES;
				CLANG_WARN__DUPLICATE_METHOD_MATCH = YES;
				COPY_PHASE_STRIP = NO;
				DEBUG_INFORMATION_FORMAT = "dwarf-with-dsym";
				ENABLE_NS_ASSERTIONS = NO;
				ENABLE_STRICT_OBJC_MSGSEND = YES;
				GCC_C_LANGUAGE_STANDARD = gnu11;
				GCC_NO_COMMON_BLOCKS = YES;
				GCC_WARN_64_TO_32_BIT_CONVERSION = YES;
				GCC_WARN_ABOUT_RETURN_TYPE = YES_ERROR;
				GCC_WARN_UNDECLARED_SELECTOR = YES;
				GCC_WARN_UNINITIALIZED_AUTOS = YES_AGGRESSIVE;
				GCC_WARN_UNUSED_FUNCTION = YES;
				GCC_WARN_UNUSED_VARIABLE = YES;
				IPHONEOS_DEPLOYMENT_TARGET = 13.4;
				MTL_ENABLE_DEBUG_INFO = NO;
				MTL_FAST_MATH = YES;
				SDKROOT = iphoneos;
				SWIFT_COMPILATION_MODE = wholemodule;
				SWIFT_OPTIMIZATION_LEVEL = "-O";
				VALIDATE_PRODUCT = YES;
			};
			name = Release;
		};
		0735BB7E246E21C400BAA665 /* Debug */ = {
			isa = XCBuildConfiguration;
			buildSettings = {
				ASSETCATALOG_COMPILER_APPICON_NAME = AppIcon;
				CODE_SIGN_STYLE = Automatic;
				DEVELOPMENT_TEAM = 33S2PGVLWE;
				INFOPLIST_FILE = "Blandinos-Pomodoro/Info.plist";
				LD_RUNPATH_SEARCH_PATHS = (
					"$(inherited)",
					"@executable_path/Frameworks",
				);
				PRODUCT_BUNDLE_IDENTIFIER = "online.cbwebpro.Blandinos-Pomodoro";
				PRODUCT_NAME = "$(TARGET_NAME)";
				SWIFT_VERSION = 5.0;
				TARGETED_DEVICE_FAMILY = "1,2";
			};
			name = Debug;
		};
		0735BB7F246E21C400BAA665 /* Release */ = {
			isa = XCBuildConfiguration;
			buildSettings = {
				ASSETCATALOG_COMPILER_APPICON_NAME = AppIcon;
				CODE_SIGN_STYLE = Automatic;
				DEVELOPMENT_TEAM = 33S2PGVLWE;
				INFOPLIST_FILE = "Blandinos-Pomodoro/Info.plist";
				LD_RUNPATH_SEARCH_PATHS = (
					"$(inherited)",
					"@executable_path/Frameworks",
				);
				PRODUCT_BUNDLE_IDENTIFIER = "online.cbwebpro.Blandinos-Pomodoro";
				PRODUCT_NAME = "$(TARGET_NAME)";
				SWIFT_VERSION = 5.0;
				TARGETED_DEVICE_FAMILY = "1,2";
			};
			name = Release;
		};
/* End XCBuildConfiguration section */

/* Begin XCConfigurationList section */
		0735BB64246E21C200BAA665 /* Build configuration list for PBXProject "Blandinos-Pomodoro" */ = {
			isa = XCConfigurationList;
			buildConfigurations = (
				0735BB7B246E21C400BAA665 /* Debug */,
				0735BB7C246E21C400BAA665 /* Release */,
			);
			defaultConfigurationIsVisible = 0;
			defaultConfigurationName = Release;
		};
		0735BB7D246E21C400BAA665 /* Build configuration list for PBXNativeTarget "Blandinos-Pomodoro" */ = {
			isa = XCConfigurationList;
			buildConfigurations = (
				0735BB7E246E21C400BAA665 /* Debug */,
				0735BB7F246E21C400BAA665 /* Release */,
			);
			defaultConfigurationIsVisible = 0;
			defaultConfigurationName = Release;
		};
/* End XCConfigurationList section */
	};
	rootObject = 0735BB61246E21C200BAA665 /* Project object */;
}
